Microsoft Visual Studio Solution File, Format Version 12.00
# Visual Studio Version 17
VisualStudioVersion = 17.5.2.0
MinimumVisualStudioVersion = 10.0.40219.1
Project("{FAE04EC0-301F-11D3-BF4B-00C04F79EFBC}") = "ShapesProject", "ShapesProject\ShapesProject.csproj", "{F5F88A0E-6A0B-ACA2-74E3-009485B93702}"
EndProject
Project("{FAE04EC0-301F-11D3-BF4B-00C04F79EFBC}") = "ShapesProject.Tests", "ShapesProject.Tests\ShapesProject.Tests.csproj", "{722569F8-7754-AA70-96B0-3E2FE4EF830D}"
EndProject
Project("{FAE04EC0-301F-11D3-BF4B-00C04F79EFBC}") = "CalcApp", "CalcApp\CalcApp.csproj", "{6DAC61BF-863C-4170-BFAA-194834ACA917}"
EndProject
Project("{FAE04EC0-301F-11D3-BF4B-00C04F79EFBC}") = "CalcApp.Tests", "CalcApp.Tests\CalcApp.Tests.csproj", "{996DA587-0F7D-4F24-A7C5-39EEA1637186}"
EndProject
Global
	GlobalSection(SolutionConfigurationPlatforms) = preSolution
		Debug|Any CPU = Debug|Any CPU
		Release|Any CPU = Release|Any CPU
	EndGlobalSection
	GlobalSection(ProjectConfigurationPlatforms) = postSolution
		{F5F88A0E-6A0B-ACA2-74E3-009485B93702}.Debug|Any CPU.ActiveCfg = Debug|Any CPU
		{F5F88A0E-6A0B-ACA2-74E3-009485B93702}.Debug|Any CPU.Build.0 = Debug|Any CPU
		{F5F88A0E-6A0B-ACA2-74E3-009485B93702}.Release|Any CPU.ActiveCfg = Release|Any CPU
		{F5F88A0E-6A0B-ACA2-74E3-009485B93702}.Release|Any CPU.Build.0 = Release|Any CPU
		{722569F8-7754-AA70-96B0-3E2FE4EF830D}.Debug|Any CPU.ActiveCfg = Debug|Any CPU
		{722569F8-7754-AA70-96B0-3E2FE4EF830D}.Debug|Any CPU.Build.0 = Debug|Any CPU
		{722569F8-7754-AA70-96B0-3E2FE4EF830D}.Release|Any CPU.ActiveCfg = Release|Any CPU
		{722569F8-7754-AA70-96B0-3E2FE4EF830D}.Release|Any CPU.Build.0 = Release|Any CPU
		{6DAC61BF-863C-4170-BFAA-194834ACA917}.Debug|Any CPU.ActiveCfg = Debug|Any CPU
		{6DAC61BF-863C-4170-BFAA-194834ACA917}.Debug|Any CPU.Build.0 = Debug|Any CPU
		{6DAC61BF-863C-4170-BFAA-194834ACA917}.Release|Any CPU.ActiveCfg = Release|Any CPU
		{6DAC61BF-863C-4170-BFAA-194834ACA917}.Release|Any CPU.Build.0 = Release|Any CPU
		{996DA587-0F7D-4F24-A7C5-39EEA1637186}.Debug|Any CPU.ActiveCfg = Debug|Any CPU
		{996DA587-0F7D-4F24-A7C5-39EEA1637186}.Debug|Any CPU.Build.0 = Debug|Any CPU
		{996DA587-0F7D-4F24-A7C5-39EEA1637186}.Release|Any CPU.ActiveCfg = Release|Any CPU
		{996DA587-0F7D-4F24-A7C5-39EEA1637186}.Release|Any CPU.Build.0 = Release|Any CPU
	EndGlobalSection
	GlobalSection(SolutionProperties) = preSolution
		HideSolutionNode = FALSE
	EndGlobalSection
	GlobalSection(ExtensibilityGlobals) = postSolution
		SolutionGuid = {F2D48171-6433-45D8-801A-63236FBBB442}
	EndGlobalSection
EndGlobal
